
Microsoft Visual Studio Solution File, Format Version 12.00
# Visual Studio Version 16
VisualStudioVersion = 16.0.30907.101
MinimumVisualStudioVersion = 10.0.40219.1
Project("{FAE04EC0-301F-11D3-BF4B-00C04F79EFBC}") = "Hello", "Hello\Hello.csproj", "{10A15AF2-8F5E-4F1F-A18E-FA89F79033EF}"
EndProject
Global
	GlobalSection(SolutionConfigurationPlatforms) = preSolution
		Debug|Any CPU = Debug|Any CPU
		Release|Any CPU = Release|Any CPU
	EndGlobalSection
	GlobalSection(ProjectConfigurationPlatforms) = postSolution
		{10A15AF2-8F5E-4F1F-A18E-FA89F79033EF}.Debug|Any CPU.ActiveCfg = Debug|Any CPU
		{10A15AF2-8F5E-4F1F-A18E-FA89F79033EF}.Debug|Any CPU.Build.0 = Debug|Any CPU
		{10A15AF2-8F5E-4F1F-A18E-FA89F79033EF}.Release|Any CPU.ActiveCfg = Release|Any CPU
		{10A15AF2-8F5E-4F1F-A18E-FA89F79033EF}.Release|Any CPU.Build.0 = Release|Any CPU
	EndGlobalSection
	GlobalSection(SolutionProperties) = preSolution
		HideSolutionNode = FALSE
	EndGlobalSection
	GlobalSection(ExtensibilityGlobals) = postSolution
		SolutionGuid = {EF1AA952-FEAB-4416-B6C7-477E44474B06}
	EndGlobalSection
EndGlobal
